
Microsoft Visual Studio Solution File, Format Version 12.00
# Visual Studio 15
VisualStudioVersion = 15.0.27130.2003
MinimumVisualStudioVersion = 10.0.40219.1
Project("{FAE04EC0-301F-11D3-BF4B-00C04F79EFBC}") = "ExtensionSample", "ExtensionSample.csproj", "{1270A3D1-4DAE-495F-B26C-E7BD1289F062}"
EndProject
Global
	GlobalSection(SolutionConfigurationPlatforms) = preSolution
		Debug|ARM = Debug|ARM
		Debug|x64 = Debug|x64
		Debug|x86 = Debug|x86
		Release|ARM = Release|ARM
		Release|x64 = Release|x64
		Release|x86 = Release|x86
	EndGlobalSection
	GlobalSection(ProjectConfigurationPlatforms) = postSolution
		{1270A3D1-4DAE-495F-B26C-E7BD1289F062}.Debug|ARM.ActiveCfg = Debug|ARM
		{1270A3D1-4DAE-495F-B26C-E7BD1289F062}.Debug|ARM.Build.0 = Debug|ARM
		{1270A3D1-4DAE-495F-B26C-E7BD1289F062}.Debug|ARM.Deploy.0 = Debug|ARM
		{1270A3D1-4DAE-495F-B26C-E7BD1289F062}.Debug|x64.ActiveCfg = Debug|x64
		{1270A3D1-4DAE-495F-B26C-E7BD1289F062}.Debug|x64.Build.0 = Debug|x64
		{1270A3D1-4DAE-495F-B26C-E7BD1289F062}.Debug|x64.Deploy.0 = Debug|x64
		{1270A3D1-4DAE-495F-B26C-E7BD1289F062}.Debug|x86.ActiveCfg = Debug|x86
		{1270A3D1-4DAE-495F-B26C-E7BD1289F062}.Debug|x86.Build.0 = Debug|x86
		{1270A3D1-4DAE-495F-B26C-E7BD1289F062}.Debug|x86.Deploy.0 = Debug|x86
		{1270A3D1-4DAE-495F-B26C-E7BD1289F062}.Release|ARM.ActiveCfg = Release|ARM
		{1270A3D1-4DAE-495F-B26C-E7BD1289F062}.Release|ARM.Build.0 = Release|ARM
		{1270A3D1-4DAE-495F-B26C-E7BD1289F062}.Release|ARM.Deploy.0 = Release|ARM
		{1270A3D1-4DAE-495F-B26C-E7BD1289F062}.Release|x64.ActiveCfg = Release|x64
		{1270A3D1-4DAE-495F-B26C-E7BD1289F062}.Release|x64.Build.0 = Release|x64
		{1270A3D1-4DAE-495F-B26C-E7BD1289F062}.Release|x64.Deploy.0 = Release|x64
		{1270A3D1-4DAE-495F-B26C-E7BD1289F062}.Release|x86.ActiveCfg = Release|x86
		{1270A3D1-4DAE-495F-B26C-E7BD1289F062}.Release|x86.Build.0 = Release|x86
		{1270A3D1-4DAE-495F-B26C-E7BD1289F062}.Release|x86.Deploy.0 = Release|x86
	EndGlobalSection
	GlobalSection(SolutionProperties) = preSolution
		HideSolutionNode = FALSE
	EndGlobalSection
	GlobalSection(ExtensibilityGlobals) = postSolution
		SolutionGuid = {8BB75FFD-2DE4-488A-87E8-42277D237928}
	EndGlobalSection
EndGlobal
