
Microsoft Visual Studio Solution File, Format Version 12.00
# Visual Studio 15
VisualStudioVersion = 15.0.27130.2036
MinimumVisualStudioVersion = 10.0.40219.1
Project("{FAE04EC0-301F-11D3-BF4B-00C04F79EFBC}") = "Aurora.Music", "Aurora.Music\Aurora.Music.csproj", "{A1EED892-8EC4-4433-A987-F5B0E9628DA3}"
EndProject
Project("{FAE04EC0-301F-11D3-BF4B-00C04F79EFBC}") = "Aurora.Music.Core", "Aurora.Music.Core\Aurora.Music.Core.csproj", "{F0DBB792-F15D-4C3E-A6FE-5B184251C802}"
EndProject
Project("{FAE04EC0-301F-11D3-BF4B-00C04F79EFBC}") = "TagLib.Sharp", "TagLib.Sharp\TagLib.Sharp.csproj", "{2355F4E1-9225-433B-98CD-F36DF22D042B}"
EndProject
Project("{FAE04EC0-301F-11D3-BF4B-00C04F79EFBC}") = "Aurora.Shared", "Aurora.Shared\Aurora.Shared.csproj", "{026D99CF-1C25-4DCF-AD95-1070BBA9F8A8}"
EndProject
Project("{FAE04EC0-301F-11D3-BF4B-00C04F79EFBC}") = "Aurora.Music.Effects", "Aurora.Music.Effects\Aurora.Music.Effects.csproj", "{C9DE2B76-9D03-4F26-905D-5DEB3846257B}"
EndProject
Project("{FAE04EC0-301F-11D3-BF4B-00C04F79EFBC}") = "Aurora.Music.PlaybackEngine", "Aurora.Music.PlaybackEngine\Aurora.Music.PlaybackEngine.csproj", "{C26EE98C-CE7C-4819-85BB-56311BC59708}"
EndProject
Project("{FAE04EC0-301F-11D3-BF4B-00C04F79EFBC}") = "Aurora.Music.Services", "Aurora.Music.Services\Aurora.Music.Services.csproj", "{6D9DABCA-43C2-4950-8303-27DBCD3B91C8}"
EndProject
Project("{FAE04EC0-301F-11D3-BF4B-00C04F79EFBC}") = "StarButton", "StarButton\StarButton.csproj", "{013C6CDA-318B-4EE7-A1C3-80DF4BB9C092}"
EndProject
Project("{9A19103F-16F7-4668-BE54-9A1E7A4F7556}") = "LrcParser", "LrcParser\LrcParser.csproj", "{E24BAD49-F0A6-4C07-B4D9-3D3644A22C69}"
EndProject
Project("{FAE04EC0-301F-11D3-BF4B-00C04F79EFBC}") = "URIViewer", "URIViewer\URIViewer.csproj", "{8739549D-F443-4863-9ABD-6E64914536C2}"
EndProject
Project("{2150E333-8FDC-42A3-9474-1A3956D46DE8}") = "Solution Items", "Solution Items", "{0C848A85-F29C-4039-B2A4-C646831F65B6}"
	ProjectSection(SolutionItems) = preProject
		.editorconfig = .editorconfig
	EndProjectSection
EndProject
Global
	GlobalSection(SolutionConfigurationPlatforms) = preSolution
		BETA|Any CPU = BETA|Any CPU
		BETA|ARM = BETA|ARM
		BETA|x64 = BETA|x64
		BETA|x86 = BETA|x86
		CIBUILD|Any CPU = CIBUILD|Any CPU
		CIBUILD|ARM = CIBUILD|ARM
		CIBUILD|x64 = CIBUILD|x64
		CIBUILD|x86 = CIBUILD|x86
		Debug|Any CPU = Debug|Any CPU
		Debug|ARM = Debug|ARM
		Debug|x64 = Debug|x64
		Debug|x86 = Debug|x86
		Release|Any CPU = Release|Any CPU
		Release|ARM = Release|ARM
		Release|x64 = Release|x64
		Release|x86 = Release|x86
		Test|Any CPU = Test|Any CPU
		Test|ARM = Test|ARM
		Test|x64 = Test|x64
		Test|x86 = Test|x86
	EndGlobalSection
	GlobalSection(ProjectConfigurationPlatforms) = postSolution
		{A1EED892-8EC4-4433-A987-F5B0E9628DA3}.BETA|Any CPU.ActiveCfg = Release|x86
		{A1EED892-8EC4-4433-A987-F5B0E9628DA3}.BETA|Any CPU.Build.0 = Release|x86
		{A1EED892-8EC4-4433-A987-F5B0E9628DA3}.BETA|Any CPU.Deploy.0 = Release|x86
		{A1EED892-8EC4-4433-A987-F5B0E9628DA3}.BETA|ARM.ActiveCfg = Release|ARM
		{A1EED892-8EC4-4433-A987-F5B0E9628DA3}.BETA|ARM.Build.0 = Release|ARM
		{A1EED892-8EC4-4433-A987-F5B0E9628DA3}.BETA|ARM.Deploy.0 = Release|ARM
		{A1EED892-8EC4-4433-A987-F5B0E9628DA3}.BETA|x64.ActiveCfg = Release|x64
		{A1EED892-8EC4-4433-A987-F5B0E9628DA3}.BETA|x64.Build.0 = Release|x64
		{A1EED892-8EC4-4433-A987-F5B0E9628DA3}.BETA|x64.Deploy.0 = Release|x64
		{A1EED892-8EC4-4433-A987-F5B0E9628DA3}.BETA|x86.ActiveCfg = Release|x86
		{A1EED892-8EC4-4433-A987-F5B0E9628DA3}.BETA|x86.Build.0 = Release|x86
		{A1EED892-8EC4-4433-A987-F5B0E9628DA3}.BETA|x86.Deploy.0 = Release|x86
		{A1EED892-8EC4-4433-A987-F5B0E9628DA3}.CIBUILD|Any CPU.ActiveCfg = Debug|x64
		{A1EED892-8EC4-4433-A987-F5B0E9628DA3}.CIBUILD|Any CPU.Build.0 = Debug|x64
		{A1EED892-8EC4-4433-A987-F5B0E9628DA3}.CIBUILD|Any CPU.Deploy.0 = Debug|x64
		{A1EED892-8EC4-4433-A987-F5B0E9628DA3}.CIBUILD|ARM.ActiveCfg = Debug|ARM
		{A1EED892-8EC4-4433-A987-F5B0E9628DA3}.CIBUILD|ARM.Build.0 = Debug|ARM
		{A1EED892-8EC4-4433-A987-F5B0E9628DA3}.CIBUILD|ARM.Deploy.0 = Debug|ARM
		{A1EED892-8EC4-4433-A987-F5B0E9628DA3}.CIBUILD|x64.ActiveCfg = Debug|x64
		{A1EED892-8EC4-4433-A987-F5B0E9628DA3}.CIBUILD|x64.Build.0 = Debug|x64
		{A1EED892-8EC4-4433-A987-F5B0E9628DA3}.CIBUILD|x64.Deploy.0 = Debug|x64
		{A1EED892-8EC4-4433-A987-F5B0E9628DA3}.CIBUILD|x86.ActiveCfg = Debug|x86
		{A1EED892-8EC4-4433-A987-F5B0E9628DA3}.CIBUILD|x86.Build.0 = Debug|x86
		{A1EED892-8EC4-4433-A987-F5B0E9628DA3}.CIBUILD|x86.Deploy.0 = Debug|x86
		{A1EED892-8EC4-4433-A987-F5B0E9628DA3}.Debug|Any CPU.ActiveCfg = Debug|x86
		{A1EED892-8EC4-4433-A987-F5B0E9628DA3}.Debug|ARM.ActiveCfg = Debug|ARM
		{A1EED892-8EC4-4433-A987-F5B0E9628DA3}.Debug|ARM.Build.0 = Debug|ARM
		{A1EED892-8EC4-4433-A987-F5B0E9628DA3}.Debug|ARM.Deploy.0 = Debug|ARM
		{A1EED892-8EC4-4433-A987-F5B0E9628DA3}.Debug|x64.ActiveCfg = Debug|x64
		{A1EED892-8EC4-4433-A987-F5B0E9628DA3}.Debug|x64.Build.0 = Debug|x64
		{A1EED892-8EC4-4433-A987-F5B0E9628DA3}.Debug|x64.Deploy.0 = Debug|x64
		{A1EED892-8EC4-4433-A987-F5B0E9628DA3}.Debug|x86.ActiveCfg = Debug|x86
		{A1EED892-8EC4-4433-A987-F5B0E9628DA3}.Debug|x86.Build.0 = Debug|x86
		{A1EED892-8EC4-4433-A987-F5B0E9628DA3}.Debug|x86.Deploy.0 = Debug|x86
		{A1EED892-8EC4-4433-A987-F5B0E9628DA3}.Release|Any CPU.ActiveCfg = Release|x86
		{A1EED892-8EC4-4433-A987-F5B0E9628DA3}.Release|ARM.ActiveCfg = Release|ARM
		{A1EED892-8EC4-4433-A987-F5B0E9628DA3}.Release|ARM.Build.0 = Release|ARM
		{A1EED892-8EC4-4433-A987-F5B0E9628DA3}.Release|ARM.Deploy.0 = Release|ARM
		{A1EED892-8EC4-4433-A987-F5B0E9628DA3}.Release|x64.ActiveCfg = Release|x64
		{A1EED892-8EC4-4433-A987-F5B0E9628DA3}.Release|x64.Build.0 = Release|x64
		{A1EED892-8EC4-4433-A987-F5B0E9628DA3}.Release|x64.Deploy.0 = Release|x64
		{A1EED892-8EC4-4433-A987-F5B0E9628DA3}.Release|x86.ActiveCfg = Release|x86
		{A1EED892-8EC4-4433-A987-F5B0E9628DA3}.Release|x86.Build.0 = Release|x86
		{A1EED892-8EC4-4433-A987-F5B0E9628DA3}.Release|x86.Deploy.0 = Release|x86
		{A1EED892-8EC4-4433-A987-F5B0E9628DA3}.Test|Any CPU.ActiveCfg = Release|x86
		{A1EED892-8EC4-4433-A987-F5B0E9628DA3}.Test|Any CPU.Build.0 = Release|x86
		{A1EED892-8EC4-4433-A987-F5B0E9628DA3}.Test|Any CPU.Deploy.0 = Release|x86
		{A1EED892-8EC4-4433-A987-F5B0E9628DA3}.Test|ARM.ActiveCfg = Release|ARM
		{A1EED892-8EC4-4433-A987-F5B0E9628DA3}.Test|ARM.Build.0 = Release|ARM
		{A1EED892-8EC4-4433-A987-F5B0E9628DA3}.Test|ARM.Deploy.0 = Release|ARM
		{A1EED892-8EC4-4433-A987-F5B0E9628DA3}.Test|x64.ActiveCfg = Release|x64
		{A1EED892-8EC4-4433-A987-F5B0E9628DA3}.Test|x64.Build.0 = Release|x64
		{A1EED892-8EC4-4433-A987-F5B0E9628DA3}.Test|x64.Deploy.0 = Release|x64
		{A1EED892-8EC4-4433-A987-F5B0E9628DA3}.Test|x86.ActiveCfg = Release|x86
		{A1EED892-8EC4-4433-A987-F5B0E9628DA3}.Test|x86.Build.0 = Release|x86
		{A1EED892-8EC4-4433-A987-F5B0E9628DA3}.Test|x86.Deploy.0 = Release|x86
		{F0DBB792-F15D-4C3E-A6FE-5B184251C802}.BETA|Any CPU.ActiveCfg = Release|Any CPU
		{F0DBB792-F15D-4C3E-A6FE-5B184251C802}.BETA|Any CPU.Build.0 = Release|Any CPU
		{F0DBB792-F15D-4C3E-A6FE-5B184251C802}.BETA|ARM.ActiveCfg = Release|ARM
		{F0DBB792-F15D-4C3E-A6FE-5B184251C802}.BETA|ARM.Build.0 = Release|ARM
		{F0DBB792-F15D-4C3E-A6FE-5B184251C802}.BETA|x64.ActiveCfg = Release|x64
		{F0DBB792-F15D-4C3E-A6FE-5B184251C802}.BETA|x64.Build.0 = Release|x64
		{F0DBB792-F15D-4C3E-A6FE-5B184251C802}.BETA|x86.ActiveCfg = Release|x86
		{F0DBB792-F15D-4C3E-A6FE-5B184251C802}.BETA|x86.Build.0 = Release|x86
		{F0DBB792-F15D-4C3E-A6FE-5B184251C802}.CIBUILD|Any CPU.ActiveCfg = Debug|Any CPU
		{F0DBB792-F15D-4C3E-A6FE-5B184251C802}.CIBUILD|Any CPU.Build.0 = Debug|Any CPU
		{F0DBB792-F15D-4C3E-A6FE-5B184251C802}.CIBUILD|ARM.ActiveCfg = Debug|ARM
		{F0DBB792-F15D-4C3E-A6FE-5B184251C802}.CIBUILD|ARM.Build.0 = Debug|ARM
		{F0DBB792-F15D-4C3E-A6FE-5B184251C802}.CIBUILD|x64.ActiveCfg = Debug|x64
		{F0DBB792-F15D-4C3E-A6FE-5B184251C802}.CIBUILD|x64.Build.0 = Debug|x64
		{F0DBB792-F15D-4C3E-A6FE-5B184251C802}.CIBUILD|x86.ActiveCfg = Debug|x86
		{F0DBB792-F15D-4C3E-A6FE-5B184251C802}.CIBUILD|x86.Build.0 = Debug|x86
		{F0DBB792-F15D-4C3E-A6FE-5B184251C802}.Debug|Any CPU.ActiveCfg = Debug|Any CPU
		{F0DBB792-F15D-4C3E-A6FE-5B184251C802}.Debug|Any CPU.Build.0 = Debug|Any CPU
		{F0DBB792-F15D-4C3E-A6FE-5B184251C802}.Debug|ARM.ActiveCfg = Debug|ARM
		{F0DBB792-F15D-4C3E-A6FE-5B184251C802}.Debug|ARM.Build.0 = Debug|ARM
		{F0DBB792-F15D-4C3E-A6FE-5B184251C802}.Debug|x64.ActiveCfg = Debug|x64
		{F0DBB792-F15D-4C3E-A6FE-5B184251C802}.Debug|x64.Build.0 = Debug|x64
		{F0DBB792-F15D-4C3E-A6FE-5B184251C802}.Debug|x86.ActiveCfg = Debug|x86
		{F0DBB792-F15D-4C3E-A6FE-5B184251C802}.Debug|x86.Build.0 = Debug|x86
		{F0DBB792-F15D-4C3E-A6FE-5B184251C802}.Release|Any CPU.ActiveCfg = Release|Any CPU
		{F0DBB792-F15D-4C3E-A6FE-5B184251C802}.Release|Any CPU.Build.0 = Release|Any CPU
		{F0DBB792-F15D-4C3E-A6FE-5B184251C802}.Release|ARM.ActiveCfg = Release|ARM
		{F0DBB792-F15D-4C3E-A6FE-5B184251C802}.Release|ARM.Build.0 = Release|ARM
		{F0DBB792-F15D-4C3E-A6FE-5B184251C802}.Release|x64.ActiveCfg = Release|x64
		{F0DBB792-F15D-4C3E-A6FE-5B184251C802}.Release|x64.Build.0 = Release|x64
		{F0DBB792-F15D-4C3E-A6FE-5B184251C802}.Release|x86.ActiveCfg = Release|x86
		{F0DBB792-F15D-4C3E-A6FE-5B184251C802}.Release|x86.Build.0 = Release|x86
		{F0DBB792-F15D-4C3E-A6FE-5B184251C802}.Test|Any CPU.ActiveCfg = Release|Any CPU
		{F0DBB792-F15D-4C3E-A6FE-5B184251C802}.Test|Any CPU.Build.0 = Release|Any CPU
		{F0DBB792-F15D-4C3E-A6FE-5B184251C802}.Test|ARM.ActiveCfg = Release|ARM
		{F0DBB792-F15D-4C3E-A6FE-5B184251C802}.Test|ARM.Build.0 = Release|ARM
		{F0DBB792-F15D-4C3E-A6FE-5B184251C802}.Test|x64.ActiveCfg = Release|x64
		{F0DBB792-F15D-4C3E-A6FE-5B184251C802}.Test|x64.Build.0 = Release|x64
		{F0DBB792-F15D-4C3E-A6FE-5B184251C802}.Test|x86.ActiveCfg = Release|x86
		{F0DBB792-F15D-4C3E-A6FE-5B184251C802}.Test|x86.Build.0 = Release|x86
		{2355F4E1-9225-433B-98CD-F36DF22D042B}.BETA|Any CPU.ActiveCfg = Release|Any CPU
		{2355F4E1-9225-433B-98CD-F36DF22D042B}.BETA|Any CPU.Build.0 = Release|Any CPU
		{2355F4E1-9225-433B-98CD-F36DF22D042B}.BETA|ARM.ActiveCfg = Release|ARM
		{2355F4E1-9225-433B-98CD-F36DF22D042B}.BETA|ARM.Build.0 = Release|ARM
		{2355F4E1-9225-433B-98CD-F36DF22D042B}.BETA|x64.ActiveCfg = Release|x64
		{2355F4E1-9225-433B-98CD-F36DF22D042B}.BETA|x64.Build.0 = Release|x64
		{2355F4E1-9225-433B-98CD-F36DF22D042B}.BETA|x86.ActiveCfg = Release|x86
		{2355F4E1-9225-433B-98CD-F36DF22D042B}.BETA|x86.Build.0 = Release|x86
		{2355F4E1-9225-433B-98CD-F36DF22D042B}.CIBUILD|Any CPU.ActiveCfg = Debug|Any CPU
		{2355F4E1-9225-433B-98CD-F36DF22D042B}.CIBUILD|Any CPU.Build.0 = Debug|Any CPU
		{2355F4E1-9225-433B-98CD-F36DF22D042B}.CIBUILD|ARM.ActiveCfg = Debug|ARM
		{2355F4E1-9225-433B-98CD-F36DF22D042B}.CIBUILD|ARM.Build.0 = Debug|ARM
		{2355F4E1-9225-433B-98CD-F36DF22D042B}.CIBUILD|x64.ActiveCfg = Debug|x64
		{2355F4E1-9225-433B-98CD-F36DF22D042B}.CIBUILD|x64.Build.0 = Debug|x64
		{2355F4E1-9225-433B-98CD-F36DF22D042B}.CIBUILD|x86.ActiveCfg = Debug|x86
		{2355F4E1-9225-433B-98CD-F36DF22D042B}.CIBUILD|x86.Build.0 = Debug|x86
		{2355F4E1-9225-433B-98CD-F36DF22D042B}.Debug|Any CPU.ActiveCfg = Debug|Any CPU
		{2355F4E1-9225-433B-98CD-F36DF22D042B}.Debug|Any CPU.Build.0 = Debug|Any CPU
		{2355F4E1-9225-433B-98CD-F36DF22D042B}.Debug|ARM.ActiveCfg = Debug|ARM
		{2355F4E1-9225-433B-98CD-F36DF22D042B}.Debug|ARM.Build.0 = Debug|ARM
		{2355F4E1-9225-433B-98CD-F36DF22D042B}.Debug|x64.ActiveCfg = Debug|x64
		{2355F4E1-9225-433B-98CD-F36DF22D042B}.Debug|x64.Build.0 = Debug|x64
		{2355F4E1-9225-433B-98CD-F36DF22D042B}.Debug|x86.ActiveCfg = Debug|x86
		{2355F4E1-9225-433B-98CD-F36DF22D042B}.Debug|x86.Build.0 = Debug|x86
		{2355F4E1-9225-433B-98CD-F36DF22D042B}.Release|Any CPU.ActiveCfg = Release|Any CPU
		{2355F4E1-9225-433B-98CD-F36DF22D042B}.Release|Any CPU.Build.0 = Release|Any CPU
		{2355F4E1-9225-433B-98CD-F36DF22D042B}.Release|ARM.ActiveCfg = Release|ARM
		{2355F4E1-9225-433B-98CD-F36DF22D042B}.Release|ARM.Build.0 = Release|ARM
		{2355F4E1-9225-433B-98CD-F36DF22D042B}.Release|x64.ActiveCfg = Release|x64
		{2355F4E1-9225-433B-98CD-F36DF22D042B}.Release|x64.Build.0 = Release|x64
		{2355F4E1-9225-433B-98CD-F36DF22D042B}.Release|x86.ActiveCfg = Release|x86
		{2355F4E1-9225-433B-98CD-F36DF22D042B}.Release|x86.Build.0 = Release|x86
		{2355F4E1-9225-433B-98CD-F36DF22D042B}.Test|Any CPU.ActiveCfg = Release|Any CPU
		{2355F4E1-9225-433B-98CD-F36DF22D042B}.Test|Any CPU.Build.0 = Release|Any CPU
		{2355F4E1-9225-433B-98CD-F36DF22D042B}.Test|ARM.ActiveCfg = Release|ARM
		{2355F4E1-9225-433B-98CD-F36DF22D042B}.Test|ARM.Build.0 = Release|ARM
		{2355F4E1-9225-433B-98CD-F36DF22D042B}.Test|x64.ActiveCfg = Release|x64
		{2355F4E1-9225-433B-98CD-F36DF22D042B}.Test|x64.Build.0 = Release|x64
		{2355F4E1-9225-433B-98CD-F36DF22D042B}.Test|x86.ActiveCfg = Release|x86
		{2355F4E1-9225-433B-98CD-F36DF22D042B}.Test|x86.Build.0 = Release|x86
		{026D99CF-1C25-4DCF-AD95-1070BBA9F8A8}.BETA|Any CPU.ActiveCfg = BETA|Any CPU
		{026D99CF-1C25-4DCF-AD95-1070BBA9F8A8}.BETA|Any CPU.Build.0 = BETA|Any CPU
		{026D99CF-1C25-4DCF-AD95-1070BBA9F8A8}.BETA|ARM.ActiveCfg = BETA|ARM
		{026D99CF-1C25-4DCF-AD95-1070BBA9F8A8}.BETA|ARM.Build.0 = BETA|ARM
		{026D99CF-1C25-4DCF-AD95-1070BBA9F8A8}.BETA|x64.ActiveCfg = BETA|x64
		{026D99CF-1C25-4DCF-AD95-1070BBA9F8A8}.BETA|x64.Build.0 = BETA|x64
		{026D99CF-1C25-4DCF-AD95-1070BBA9F8A8}.BETA|x86.ActiveCfg = BETA|x86
		{026D99CF-1C25-4DCF-AD95-1070BBA9F8A8}.BETA|x86.Build.0 = BETA|x86
		{026D99CF-1C25-4DCF-AD95-1070BBA9F8A8}.CIBUILD|Any CPU.ActiveCfg = Test|Any CPU
		{026D99CF-1C25-4DCF-AD95-1070BBA9F8A8}.CIBUILD|Any CPU.Build.0 = Test|Any CPU
		{026D99CF-1C25-4DCF-AD95-1070BBA9F8A8}.CIBUILD|ARM.ActiveCfg = Test|ARM
		{026D99CF-1C25-4DCF-AD95-1070BBA9F8A8}.CIBUILD|ARM.Build.0 = Test|ARM
		{026D99CF-1C25-4DCF-AD95-1070BBA9F8A8}.CIBUILD|x64.ActiveCfg = Test|x64
		{026D99CF-1C25-4DCF-AD95-1070BBA9F8A8}.CIBUILD|x64.Build.0 = Test|x64
		{026D99CF-1C25-4DCF-AD95-1070BBA9F8A8}.CIBUILD|x86.ActiveCfg = Test|x86
		{026D99CF-1C25-4DCF-AD95-1070BBA9F8A8}.CIBUILD|x86.Build.0 = Test|x86
		{026D99CF-1C25-4DCF-AD95-1070BBA9F8A8}.Debug|Any CPU.ActiveCfg = Debug|Any CPU
		{026D99CF-1C25-4DCF-AD95-1070BBA9F8A8}.Debug|Any CPU.Build.0 = Debug|Any CPU
		{026D99CF-1C25-4DCF-AD95-1070BBA9F8A8}.Debug|ARM.ActiveCfg = Debug|ARM
		{026D99CF-1C25-4DCF-AD95-1070BBA9F8A8}.Debug|ARM.Build.0 = Debug|ARM
		{026D99CF-1C25-4DCF-AD95-1070BBA9F8A8}.Debug|x64.ActiveCfg = Debug|x64
		{026D99CF-1C25-4DCF-AD95-1070BBA9F8A8}.Debug|x64.Build.0 = Debug|x64
		{026D99CF-1C25-4DCF-AD95-1070BBA9F8A8}.Debug|x86.ActiveCfg = Debug|x86
		{026D99CF-1C25-4DCF-AD95-1070BBA9F8A8}.Debug|x86.Build.0 = Debug|x86
		{026D99CF-1C25-4DCF-AD95-1070BBA9F8A8}.Release|Any CPU.ActiveCfg = Release|Any CPU
		{026D99CF-1C25-4DCF-AD95-1070BBA9F8A8}.Release|Any CPU.Build.0 = Release|Any CPU
		{026D99CF-1C25-4DCF-AD95-1070BBA9F8A8}.Release|ARM.ActiveCfg = Release|ARM
		{026D99CF-1C25-4DCF-AD95-1070BBA9F8A8}.Release|ARM.Build.0 = Release|ARM
		{026D99CF-1C25-4DCF-AD95-1070BBA9F8A8}.Release|x64.ActiveCfg = Release|x64
		{026D99CF-1C25-4DCF-AD95-1070BBA9F8A8}.Release|x64.Build.0 = Release|x64
		{026D99CF-1C25-4DCF-AD95-1070BBA9F8A8}.Release|x86.ActiveCfg = Release|x86
		{026D99CF-1C25-4DCF-AD95-1070BBA9F8A8}.Release|x86.Build.0 = Release|x86
		{026D99CF-1C25-4DCF-AD95-1070BBA9F8A8}.Test|Any CPU.ActiveCfg = Test|Any CPU
		{026D99CF-1C25-4DCF-AD95-1070BBA9F8A8}.Test|Any CPU.Build.0 = Test|Any CPU
		{026D99CF-1C25-4DCF-AD95-1070BBA9F8A8}.Test|ARM.ActiveCfg = Test|ARM
		{026D99CF-1C25-4DCF-AD95-1070BBA9F8A8}.Test|ARM.Build.0 = Test|ARM
		{026D99CF-1C25-4DCF-AD95-1070BBA9F8A8}.Test|x64.ActiveCfg = Test|x64
		{026D99CF-1C25-4DCF-AD95-1070BBA9F8A8}.Test|x64.Build.0 = Test|x64
		{026D99CF-1C25-4DCF-AD95-1070BBA9F8A8}.Test|x86.ActiveCfg = Test|x86
		{026D99CF-1C25-4DCF-AD95-1070BBA9F8A8}.Test|x86.Build.0 = Test|x86
		{C9DE2B76-9D03-4F26-905D-5DEB3846257B}.BETA|Any CPU.ActiveCfg = Release|Any CPU
		{C9DE2B76-9D03-4F26-905D-5DEB3846257B}.BETA|Any CPU.Build.0 = Release|Any CPU
		{C9DE2B76-9D03-4F26-905D-5DEB3846257B}.BETA|ARM.ActiveCfg = Release|ARM
		{C9DE2B76-9D03-4F26-905D-5DEB3846257B}.BETA|ARM.Build.0 = Release|ARM
		{C9DE2B76-9D03-4F26-905D-5DEB3846257B}.BETA|x64.ActiveCfg = Release|x64
		{C9DE2B76-9D03-4F26-905D-5DEB3846257B}.BETA|x64.Build.0 = Release|x64
		{C9DE2B76-9D03-4F26-905D-5DEB3846257B}.BETA|x86.ActiveCfg = Release|x86
		{C9DE2B76-9D03-4F26-905D-5DEB3846257B}.BETA|x86.Build.0 = Release|x86
		{C9DE2B76-9D03-4F26-905D-5DEB3846257B}.CIBUILD|Any CPU.ActiveCfg = Debug|Any CPU
		{C9DE2B76-9D03-4F26-905D-5DEB3846257B}.CIBUILD|Any CPU.Build.0 = Debug|Any CPU
		{C9DE2B76-9D03-4F26-905D-5DEB3846257B}.CIBUILD|ARM.ActiveCfg = Debug|ARM
		{C9DE2B76-9D03-4F26-905D-5DEB3846257B}.CIBUILD|ARM.Build.0 = Debug|ARM
		{C9DE2B76-9D03-4F26-905D-5DEB3846257B}.CIBUILD|x64.ActiveCfg = Debug|x64
		{C9DE2B76-9D03-4F26-905D-5DEB3846257B}.CIBUILD|x64.Build.0 = Debug|x64
		{C9DE2B76-9D03-4F26-905D-5DEB3846257B}.CIBUILD|x86.ActiveCfg = Debug|x86
		{C9DE2B76-9D03-4F26-905D-5DEB3846257B}.CIBUILD|x86.Build.0 = Debug|x86
		{C9DE2B76-9D03-4F26-905D-5DEB3846257B}.Debug|Any CPU.ActiveCfg = Debug|Any CPU
		{C9DE2B76-9D03-4F26-905D-5DEB3846257B}.Debug|Any CPU.Build.0 = Debug|Any CPU
		{C9DE2B76-9D03-4F26-905D-5DEB3846257B}.Debug|ARM.ActiveCfg = Debug|ARM
		{C9DE2B76-9D03-4F26-905D-5DEB3846257B}.Debug|ARM.Build.0 = Debug|ARM
		{C9DE2B76-9D03-4F26-905D-5DEB3846257B}.Debug|x64.ActiveCfg = Debug|x64
		{C9DE2B76-9D03-4F26-905D-5DEB3846257B}.Debug|x64.Build.0 = Debug|x64
		{C9DE2B76-9D03-4F26-905D-5DEB3846257B}.Debug|x86.ActiveCfg = Debug|x86
		{C9DE2B76-9D03-4F26-905D-5DEB3846257B}.Debug|x86.Build.0 = Debug|x86
		{C9DE2B76-9D03-4F26-905D-5DEB3846257B}.Release|Any CPU.ActiveCfg = Release|Any CPU
		{C9DE2B76-9D03-4F26-905D-5DEB3846257B}.Release|Any CPU.Build.0 = Release|Any CPU
		{C9DE2B76-9D03-4F26-905D-5DEB3846257B}.Release|ARM.ActiveCfg = Release|ARM
		{C9DE2B76-9D03-4F26-905D-5DEB3846257B}.Release|ARM.Build.0 = Release|ARM
		{C9DE2B76-9D03-4F26-905D-5DEB3846257B}.Release|x64.ActiveCfg = Release|x64
		{C9DE2B76-9D03-4F26-905D-5DEB3846257B}.Release|x64.Build.0 = Release|x64
		{C9DE2B76-9D03-4F26-905D-5DEB3846257B}.Release|x86.ActiveCfg = Release|x86
		{C9DE2B76-9D03-4F26-905D-5DEB3846257B}.Release|x86.Build.0 = Release|x86
		{C9DE2B76-9D03-4F26-905D-5DEB3846257B}.Test|Any CPU.ActiveCfg = Release|Any CPU
		{C9DE2B76-9D03-4F26-905D-5DEB3846257B}.Test|Any CPU.Build.0 = Release|Any CPU
		{C9DE2B76-9D03-4F26-905D-5DEB3846257B}.Test|ARM.ActiveCfg = Release|ARM
		{C9DE2B76-9D03-4F26-905D-5DEB3846257B}.Test|ARM.Build.0 = Release|ARM
		{C9DE2B76-9D03-4F26-905D-5DEB3846257B}.Test|x64.ActiveCfg = Release|x64
		{C9DE2B76-9D03-4F26-905D-5DEB3846257B}.Test|x64.Build.0 = Release|x64
		{C9DE2B76-9D03-4F26-905D-5DEB3846257B}.Test|x86.ActiveCfg = Release|x86
		{C9DE2B76-9D03-4F26-905D-5DEB3846257B}.Test|x86.Build.0 = Release|x86
		{C26EE98C-CE7C-4819-85BB-56311BC59708}.BETA|Any CPU.ActiveCfg = Release|Any CPU
		{C26EE98C-CE7C-4819-85BB-56311BC59708}.BETA|Any CPU.Build.0 = Release|Any CPU
		{C26EE98C-CE7C-4819-85BB-56311BC59708}.BETA|ARM.ActiveCfg = Release|ARM
		{C26EE98C-CE7C-4819-85BB-56311BC59708}.BETA|ARM.Build.0 = Release|ARM
		{C26EE98C-CE7C-4819-85BB-56311BC59708}.BETA|x64.ActiveCfg = Release|x64
		{C26EE98C-CE7C-4819-85BB-56311BC59708}.BETA|x64.Build.0 = Release|x64
		{C26EE98C-CE7C-4819-85BB-56311BC59708}.BETA|x86.ActiveCfg = Release|x86
		{C26EE98C-CE7C-4819-85BB-56311BC59708}.BETA|x86.Build.0 = Release|x86
		{C26EE98C-CE7C-4819-85BB-56311BC59708}.CIBUILD|Any CPU.ActiveCfg = Debug|Any CPU
		{C26EE98C-CE7C-4819-85BB-56311BC59708}.CIBUILD|Any CPU.Build.0 = Debug|Any CPU
		{C26EE98C-CE7C-4819-85BB-56311BC59708}.CIBUILD|ARM.ActiveCfg = Debug|ARM
		{C26EE98C-CE7C-4819-85BB-56311BC59708}.CIBUILD|ARM.Build.0 = Debug|ARM
		{C26EE98C-CE7C-4819-85BB-56311BC59708}.CIBUILD|x64.ActiveCfg = Debug|x64
		{C26EE98C-CE7C-4819-85BB-56311BC59708}.CIBUILD|x64.Build.0 = Debug|x64
		{C26EE98C-CE7C-4819-85BB-56311BC59708}.CIBUILD|x86.ActiveCfg = Debug|x86
		{C26EE98C-CE7C-4819-85BB-56311BC59708}.CIBUILD|x86.Build.0 = Debug|x86
		{C26EE98C-CE7C-4819-85BB-56311BC59708}.Debug|Any CPU.ActiveCfg = Debug|Any CPU
		{C26EE98C-CE7C-4819-85BB-56311BC59708}.Debug|Any CPU.Build.0 = Debug|Any CPU
		{C26EE98C-CE7C-4819-85BB-56311BC59708}.Debug|ARM.ActiveCfg = Debug|ARM
		{C26EE98C-CE7C-4819-85BB-56311BC59708}.Debug|ARM.Build.0 = Debug|ARM
		{C26EE98C-CE7C-4819-85BB-56311BC59708}.Debug|x64.ActiveCfg = Debug|x64
		{C26EE98C-CE7C-4819-85BB-56311BC59708}.Debug|x64.Build.0 = Debug|x64
		{C26EE98C-CE7C-4819-85BB-56311BC59708}.Debug|x86.ActiveCfg = Debug|x86
		{C26EE98C-CE7C-4819-85BB-56311BC59708}.Debug|x86.Build.0 = Debug|x86
		{C26EE98C-CE7C-4819-85BB-56311BC59708}.Release|Any CPU.ActiveCfg = Release|Any CPU
		{C26EE98C-CE7C-4819-85BB-56311BC59708}.Release|Any CPU.Build.0 = Release|Any CPU
		{C26EE98C-CE7C-4819-85BB-56311BC59708}.Release|ARM.ActiveCfg = Release|ARM
		{C26EE98C-CE7C-4819-85BB-56311BC59708}.Release|ARM.Build.0 = Release|ARM
		{C26EE98C-CE7C-4819-85BB-56311BC59708}.Release|x64.ActiveCfg = Release|x64
		{C26EE98C-CE7C-4819-85BB-56311BC59708}.Release|x64.Build.0 = Release|x64
		{C26EE98C-CE7C-4819-85BB-56311BC59708}.Release|x86.ActiveCfg = Release|x86
		{C26EE98C-CE7C-4819-85BB-56311BC59708}.Release|x86.Build.0 = Release|x86
		{C26EE98C-CE7C-4819-85BB-56311BC59708}.Test|Any CPU.ActiveCfg = Release|Any CPU
		{C26EE98C-CE7C-4819-85BB-56311BC59708}.Test|Any CPU.Build.0 = Release|Any CPU
		{C26EE98C-CE7C-4819-85BB-56311BC59708}.Test|ARM.ActiveCfg = Release|ARM
		{C26EE98C-CE7C-4819-85BB-56311BC59708}.Test|ARM.Build.0 = Release|ARM
		{C26EE98C-CE7C-4819-85BB-56311BC59708}.Test|x64.ActiveCfg = Release|x64
		{C26EE98C-CE7C-4819-85BB-56311BC59708}.Test|x64.Build.0 = Release|x64
		{C26EE98C-CE7C-4819-85BB-56311BC59708}.Test|x86.ActiveCfg = Release|x86
		{C26EE98C-CE7C-4819-85BB-56311BC59708}.Test|x86.Build.0 = Release|x86
		{6D9DABCA-43C2-4950-8303-27DBCD3B91C8}.BETA|Any CPU.ActiveCfg = Release|Any CPU
		{6D9DABCA-43C2-4950-8303-27DBCD3B91C8}.BETA|Any CPU.Build.0 = Release|Any CPU
		{6D9DABCA-43C2-4950-8303-27DBCD3B91C8}.BETA|ARM.ActiveCfg = Release|ARM
		{6D9DABCA-43C2-4950-8303-27DBCD3B91C8}.BETA|ARM.Build.0 = Release|ARM
		{6D9DABCA-43C2-4950-8303-27DBCD3B91C8}.BETA|x64.ActiveCfg = Release|x64
		{6D9DABCA-43C2-4950-8303-27DBCD3B91C8}.BETA|x64.Build.0 = Release|x64
		{6D9DABCA-43C2-4950-8303-27DBCD3B91C8}.BETA|x86.ActiveCfg = Release|x86
		{6D9DABCA-43C2-4950-8303-27DBCD3B91C8}.BETA|x86.Build.0 = Release|x86
		{6D9DABCA-43C2-4950-8303-27DBCD3B91C8}.CIBUILD|Any CPU.ActiveCfg = Debug|Any CPU
		{6D9DABCA-43C2-4950-8303-27DBCD3B91C8}.CIBUILD|Any CPU.Build.0 = Debug|Any CPU
		{6D9DABCA-43C2-4950-8303-27DBCD3B91C8}.CIBUILD|ARM.ActiveCfg = Debug|ARM
		{6D9DABCA-43C2-4950-8303-27DBCD3B91C8}.CIBUILD|ARM.Build.0 = Debug|ARM
		{6D9DABCA-43C2-4950-8303-27DBCD3B91C8}.CIBUILD|x64.ActiveCfg = Debug|x64
		{6D9DABCA-43C2-4950-8303-27DBCD3B91C8}.CIBUILD|x64.Build.0 = Debug|x64
		{6D9DABCA-43C2-4950-8303-27DBCD3B91C8}.CIBUILD|x86.ActiveCfg = Debug|x86
		{6D9DABCA-43C2-4950-8303-27DBCD3B91C8}.CIBUILD|x86.Build.0 = Debug|x86
		{6D9DABCA-43C2-4950-8303-27DBCD3B91C8}.Debug|Any CPU.ActiveCfg = Debug|Any CPU
		{6D9DABCA-43C2-4950-8303-27DBCD3B91C8}.Debug|Any CPU.Build.0 = Debug|Any CPU
		{6D9DABCA-43C2-4950-8303-27DBCD3B91C8}.Debug|ARM.ActiveCfg = Debug|ARM
		{6D9DABCA-43C2-4950-8303-27DBCD3B91C8}.Debug|ARM.Build.0 = Debug|ARM
		{6D9DABCA-43C2-4950-8303-27DBCD3B91C8}.Debug|x64.ActiveCfg = Debug|x64
		{6D9DABCA-43C2-4950-8303-27DBCD3B91C8}.Debug|x64.Build.0 = Debug|x64
		{6D9DABCA-43C2-4950-8303-27DBCD3B91C8}.Debug|x86.ActiveCfg = Debug|x86
		{6D9DABCA-43C2-4950-8303-27DBCD3B91C8}.Debug|x86.Build.0 = Debug|x86
		{6D9DABCA-43C2-4950-8303-27DBCD3B91C8}.Release|Any CPU.ActiveCfg = Release|Any CPU
		{6D9DABCA-43C2-4950-8303-27DBCD3B91C8}.Release|Any CPU.Build.0 = Release|Any CPU
		{6D9DABCA-43C2-4950-8303-27DBCD3B91C8}.Release|ARM.ActiveCfg = Release|ARM
		{6D9DABCA-43C2-4950-8303-27DBCD3B91C8}.Release|ARM.Build.0 = Release|ARM
		{6D9DABCA-43C2-4950-8303-27DBCD3B91C8}.Release|x64.ActiveCfg = Release|x64
		{6D9DABCA-43C2-4950-8303-27DBCD3B91C8}.Release|x64.Build.0 = Release|x64
		{6D9DABCA-43C2-4950-8303-27DBCD3B91C8}.Release|x86.ActiveCfg = Release|x86
		{6D9DABCA-43C2-4950-8303-27DBCD3B91C8}.Release|x86.Build.0 = Release|x86
		{6D9DABCA-43C2-4950-8303-27DBCD3B91C8}.Test|Any CPU.ActiveCfg = Release|Any CPU
		{6D9DABCA-43C2-4950-8303-27DBCD3B91C8}.Test|Any CPU.Build.0 = Release|Any CPU
		{6D9DABCA-43C2-4950-8303-27DBCD3B91C8}.Test|ARM.ActiveCfg = Release|ARM
		{6D9DABCA-43C2-4950-8303-27DBCD3B91C8}.Test|ARM.Build.0 = Release|ARM
		{6D9DABCA-43C2-4950-8303-27DBCD3B91C8}.Test|x64.ActiveCfg = Release|x64
		{6D9DABCA-43C2-4950-8303-27DBCD3B91C8}.Test|x64.Build.0 = Release|x64
		{6D9DABCA-43C2-4950-8303-27DBCD3B91C8}.Test|x86.ActiveCfg = Release|x86
		{6D9DABCA-43C2-4950-8303-27DBCD3B91C8}.Test|x86.Build.0 = Release|x86
		{013C6CDA-318B-4EE7-A1C3-80DF4BB9C092}.BETA|Any CPU.ActiveCfg = Release|Any CPU
		{013C6CDA-318B-4EE7-A1C3-80DF4BB9C092}.BETA|Any CPU.Build.0 = Release|Any CPU
		{013C6CDA-318B-4EE7-A1C3-80DF4BB9C092}.BETA|ARM.ActiveCfg = Release|ARM
		{013C6CDA-318B-4EE7-A1C3-80DF4BB9C092}.BETA|ARM.Build.0 = Release|ARM
		{013C6CDA-318B-4EE7-A1C3-80DF4BB9C092}.BETA|x64.ActiveCfg = Release|x64
		{013C6CDA-318B-4EE7-A1C3-80DF4BB9C092}.BETA|x64.Build.0 = Release|x64
		{013C6CDA-318B-4EE7-A1C3-80DF4BB9C092}.BETA|x86.ActiveCfg = Release|x86
		{013C6CDA-318B-4EE7-A1C3-80DF4BB9C092}.BETA|x86.Build.0 = Release|x86
		{013C6CDA-318B-4EE7-A1C3-80DF4BB9C092}.CIBUILD|Any CPU.ActiveCfg = Debug|Any CPU
		{013C6CDA-318B-4EE7-A1C3-80DF4BB9C092}.CIBUILD|Any CPU.Build.0 = Debug|Any CPU
		{013C6CDA-318B-4EE7-A1C3-80DF4BB9C092}.CIBUILD|ARM.ActiveCfg = Debug|ARM
		{013C6CDA-318B-4EE7-A1C3-80DF4BB9C092}.CIBUILD|ARM.Build.0 = Debug|ARM
		{013C6CDA-318B-4EE7-A1C3-80DF4BB9C092}.CIBUILD|x64.ActiveCfg = Debug|x64
		{013C6CDA-318B-4EE7-A1C3-80DF4BB9C092}.CIBUILD|x64.Build.0 = Debug|x64
		{013C6CDA-318B-4EE7-A1C3-80DF4BB9C092}.CIBUILD|x86.ActiveCfg = Debug|x86
		{013C6CDA-318B-4EE7-A1C3-80DF4BB9C092}.CIBUILD|x86.Build.0 = Debug|x86
		{013C6CDA-318B-4EE7-A1C3-80DF4BB9C092}.Debug|Any CPU.ActiveCfg = Debug|Any CPU
		{013C6CDA-318B-4EE7-A1C3-80DF4BB9C092}.Debug|Any CPU.Build.0 = Debug|Any CPU
		{013C6CDA-318B-4EE7-A1C3-80DF4BB9C092}.Debug|ARM.ActiveCfg = Debug|ARM
		{013C6CDA-318B-4EE7-A1C3-80DF4BB9C092}.Debug|ARM.Build.0 = Debug|ARM
		{013C6CDA-318B-4EE7-A1C3-80DF4BB9C092}.Debug|x64.ActiveCfg = Debug|x64
		{013C6CDA-318B-4EE7-A1C3-80DF4BB9C092}.Debug|x64.Build.0 = Debug|x64
		{013C6CDA-318B-4EE7-A1C3-80DF4BB9C092}.Debug|x86.ActiveCfg = Debug|x86
		{013C6CDA-318B-4EE7-A1C3-80DF4BB9C092}.Debug|x86.Build.0 = Debug|x86
		{013C6CDA-318B-4EE7-A1C3-80DF4BB9C092}.Release|Any CPU.ActiveCfg = Release|Any CPU
		{013C6CDA-318B-4EE7-A1C3-80DF4BB9C092}.Release|Any CPU.Build.0 = Release|Any CPU
		{013C6CDA-318B-4EE7-A1C3-80DF4BB9C092}.Release|ARM.ActiveCfg = Release|ARM
		{013C6CDA-318B-4EE7-A1C3-80DF4BB9C092}.Release|ARM.Build.0 = Release|ARM
		{013C6CDA-318B-4EE7-A1C3-80DF4BB9C092}.Release|x64.ActiveCfg = Release|x64
		{013C6CDA-318B-4EE7-A1C3-80DF4BB9C092}.Release|x64.Build.0 = Release|x64
		{013C6CDA-318B-4EE7-A1C3-80DF4BB9C092}.Release|x86.ActiveCfg = Release|x86
		{013C6CDA-318B-4EE7-A1C3-80DF4BB9C092}.Release|x86.Build.0 = Release|x86
		{013C6CDA-318B-4EE7-A1C3-80DF4BB9C092}.Test|Any CPU.ActiveCfg = Release|Any CPU
		{013C6CDA-318B-4EE7-A1C3-80DF4BB9C092}.Test|Any CPU.Build.0 = Release|Any CPU
		{013C6CDA-318B-4EE7-A1C3-80DF4BB9C092}.Test|ARM.ActiveCfg = Release|ARM
		{013C6CDA-318B-4EE7-A1C3-80DF4BB9C092}.Test|ARM.Build.0 = Release|ARM
		{013C6CDA-318B-4EE7-A1C3-80DF4BB9C092}.Test|x64.ActiveCfg = Release|x64
		{013C6CDA-318B-4EE7-A1C3-80DF4BB9C092}.Test|x64.Build.0 = Release|x64
		{013C6CDA-318B-4EE7-A1C3-80DF4BB9C092}.Test|x86.ActiveCfg = Release|x86
		{013C6CDA-318B-4EE7-A1C3-80DF4BB9C092}.Test|x86.Build.0 = Release|x86
		{E24BAD49-F0A6-4C07-B4D9-3D3644A22C69}.BETA|Any CPU.ActiveCfg = Debug|Any CPU
		{E24BAD49-F0A6-4C07-B4D9-3D3644A22C69}.BETA|Any CPU.Build.0 = Debug|Any CPU
		{E24BAD49-F0A6-4C07-B4D9-3D3644A22C69}.BETA|ARM.ActiveCfg = Debug|Any CPU
		{E24BAD49-F0A6-4C07-B4D9-3D3644A22C69}.BETA|ARM.Build.0 = Debug|Any CPU
		{E24BAD49-F0A6-4C07-B4D9-3D3644A22C69}.BETA|x64.ActiveCfg = Debug|Any CPU
		{E24BAD49-F0A6-4C07-B4D9-3D3644A22C69}.BETA|x64.Build.0 = Debug|Any CPU
		{E24BAD49-F0A6-4C07-B4D9-3D3644A22C69}.BETA|x86.ActiveCfg = Debug|Any CPU
		{E24BAD49-F0A6-4C07-B4D9-3D3644A22C69}.BETA|x86.Build.0 = Debug|Any CPU
		{E24BAD49-F0A6-4C07-B4D9-3D3644A22C69}.CIBUILD|Any CPU.ActiveCfg = Release|Any CPU
		{E24BAD49-F0A6-4C07-B4D9-3D3644A22C69}.CIBUILD|Any CPU.Build.0 = Release|Any CPU
		{E24BAD49-F0A6-4C07-B4D9-3D3644A22C69}.CIBUILD|ARM.ActiveCfg = Release|Any CPU
		{E24BAD49-F0A6-4C07-B4D9-3D3644A22C69}.CIBUILD|ARM.Build.0 = Release|Any CPU
		{E24BAD49-F0A6-4C07-B4D9-3D3644A22C69}.CIBUILD|x64.ActiveCfg = Release|Any CPU
		{E24BAD49-F0A6-4C07-B4D9-3D3644A22C69}.CIBUILD|x64.Build.0 = Release|Any CPU
		{E24BAD49-F0A6-4C07-B4D9-3D3644A22C69}.CIBUILD|x86.ActiveCfg = Release|Any CPU
		{E24BAD49-F0A6-4C07-B4D9-3D3644A22C69}.CIBUILD|x86.Build.0 = Release|Any CPU
		{E24BAD49-F0A6-4C07-B4D9-3D3644A22C69}.Debug|Any CPU.ActiveCfg = Debug|Any CPU
		{E24BAD49-F0A6-4C07-B4D9-3D3644A22C69}.Debug|Any CPU.Build.0 = Debug|Any CPU
		{E24BAD49-F0A6-4C07-B4D9-3D3644A22C69}.Debug|ARM.ActiveCfg = Debug|Any CPU
		{E24BAD49-F0A6-4C07-B4D9-3D3644A22C69}.Debug|ARM.Build.0 = Debug|Any CPU
		{E24BAD49-F0A6-4C07-B4D9-3D3644A22C69}.Debug|x64.ActiveCfg = Debug|Any CPU
		{E24BAD49-F0A6-4C07-B4D9-3D3644A22C69}.Debug|x64.Build.0 = Debug|Any CPU
		{E24BAD49-F0A6-4C07-B4D9-3D3644A22C69}.Debug|x86.ActiveCfg = Debug|Any CPU
		{E24BAD49-F0A6-4C07-B4D9-3D3644A22C69}.Debug|x86.Build.0 = Debug|Any CPU
		{E24BAD49-F0A6-4C07-B4D9-3D3644A22C69}.Release|Any CPU.ActiveCfg = Release|Any CPU
		{E24BAD49-F0A6-4C07-B4D9-3D3644A22C69}.Release|Any CPU.Build.0 = Release|Any CPU
		{E24BAD49-F0A6-4C07-B4D9-3D3644A22C69}.Release|ARM.ActiveCfg = Release|Any CPU
		{E24BAD49-F0A6-4C07-B4D9-3D3644A22C69}.Release|ARM.Build.0 = Release|Any CPU
		{E24BAD49-F0A6-4C07-B4D9-3D3644A22C69}.Release|x64.ActiveCfg = Release|Any CPU
		{E24BAD49-F0A6-4C07-B4D9-3D3644A22C69}.Release|x64.Build.0 = Release|Any CPU
		{E24BAD49-F0A6-4C07-B4D9-3D3644A22C69}.Release|x86.ActiveCfg = Release|Any CPU
		{E24BAD49-F0A6-4C07-B4D9-3D3644A22C69}.Release|x86.Build.0 = Release|Any CPU
		{E24BAD49-F0A6-4C07-B4D9-3D3644A22C69}.Test|Any CPU.ActiveCfg = Debug|Any CPU
		{E24BAD49-F0A6-4C07-B4D9-3D3644A22C69}.Test|Any CPU.Build.0 = Debug|Any CPU
		{E24BAD49-F0A6-4C07-B4D9-3D3644A22C69}.Test|ARM.ActiveCfg = Debug|Any CPU
		{E24BAD49-F0A6-4C07-B4D9-3D3644A22C69}.Test|ARM.Build.0 = Debug|Any CPU
		{E24BAD49-F0A6-4C07-B4D9-3D3644A22C69}.Test|x64.ActiveCfg = Debug|Any CPU
		{E24BAD49-F0A6-4C07-B4D9-3D3644A22C69}.Test|x64.Build.0 = Debug|Any CPU
		{E24BAD49-F0A6-4C07-B4D9-3D3644A22C69}.Test|x86.ActiveCfg = Debug|Any CPU
		{E24BAD49-F0A6-4C07-B4D9-3D3644A22C69}.Test|x86.Build.0 = Debug|Any CPU
		{8739549D-F443-4863-9ABD-6E64914536C2}.BETA|Any CPU.ActiveCfg = Release|x64
		{8739549D-F443-4863-9ABD-6E64914536C2}.BETA|Any CPU.Build.0 = Release|x64
		{8739549D-F443-4863-9ABD-6E64914536C2}.BETA|Any CPU.Deploy.0 = Release|x64
		{8739549D-F443-4863-9ABD-6E64914536C2}.BETA|ARM.ActiveCfg = Release|ARM
		{8739549D-F443-4863-9ABD-6E64914536C2}.BETA|ARM.Build.0 = Release|ARM
		{8739549D-F443-4863-9ABD-6E64914536C2}.BETA|ARM.Deploy.0 = Release|ARM
		{8739549D-F443-4863-9ABD-6E64914536C2}.BETA|x64.ActiveCfg = Release|x64
		{8739549D-F443-4863-9ABD-6E64914536C2}.BETA|x64.Build.0 = Release|x64
		{8739549D-F443-4863-9ABD-6E64914536C2}.BETA|x64.Deploy.0 = Release|x64
		{8739549D-F443-4863-9ABD-6E64914536C2}.BETA|x86.ActiveCfg = Release|x86
		{8739549D-F443-4863-9ABD-6E64914536C2}.BETA|x86.Build.0 = Release|x86
		{8739549D-F443-4863-9ABD-6E64914536C2}.BETA|x86.Deploy.0 = Release|x86
		{8739549D-F443-4863-9ABD-6E64914536C2}.CIBUILD|Any CPU.ActiveCfg = Release|x64
		{8739549D-F443-4863-9ABD-6E64914536C2}.CIBUILD|Any CPU.Build.0 = Release|x64
		{8739549D-F443-4863-9ABD-6E64914536C2}.CIBUILD|Any CPU.Deploy.0 = Release|x64
		{8739549D-F443-4863-9ABD-6E64914536C2}.CIBUILD|ARM.ActiveCfg = Release|ARM
		{8739549D-F443-4863-9ABD-6E64914536C2}.CIBUILD|ARM.Build.0 = Release|ARM
		{8739549D-F443-4863-9ABD-6E64914536C2}.CIBUILD|ARM.Deploy.0 = Release|ARM
		{8739549D-F443-4863-9ABD-6E64914536C2}.CIBUILD|x64.ActiveCfg = Release|x64
		{8739549D-F443-4863-9ABD-6E64914536C2}.CIBUILD|x64.Build.0 = Release|x64
		{8739549D-F443-4863-9ABD-6E64914536C2}.CIBUILD|x64.Deploy.0 = Release|x64
		{8739549D-F443-4863-9ABD-6E64914536C2}.CIBUILD|x86.ActiveCfg = Release|x86
		{8739549D-F443-4863-9ABD-6E64914536C2}.CIBUILD|x86.Build.0 = Release|x86
		{8739549D-F443-4863-9ABD-6E64914536C2}.CIBUILD|x86.Deploy.0 = Release|x86
		{8739549D-F443-4863-9ABD-6E64914536C2}.Debug|Any CPU.ActiveCfg = Debug|x86
		{8739549D-F443-4863-9ABD-6E64914536C2}.Debug|ARM.ActiveCfg = Debug|ARM
		{8739549D-F443-4863-9ABD-6E64914536C2}.Debug|ARM.Build.0 = Debug|ARM
		{8739549D-F443-4863-9ABD-6E64914536C2}.Debug|ARM.Deploy.0 = Debug|ARM
		{8739549D-F443-4863-9ABD-6E64914536C2}.Debug|x64.ActiveCfg = Debug|x64
		{8739549D-F443-4863-9ABD-6E64914536C2}.Debug|x64.Build.0 = Debug|x64
		{8739549D-F443-4863-9ABD-6E64914536C2}.Debug|x64.Deploy.0 = Debug|x64
		{8739549D-F443-4863-9ABD-6E64914536C2}.Debug|x86.ActiveCfg = Debug|x86
		{8739549D-F443-4863-9ABD-6E64914536C2}.Debug|x86.Build.0 = Debug|x86
		{8739549D-F443-4863-9ABD-6E64914536C2}.Debug|x86.Deploy.0 = Debug|x86
		{8739549D-F443-4863-9ABD-6E64914536C2}.Release|Any CPU.ActiveCfg = Release|x86
		{8739549D-F443-4863-9ABD-6E64914536C2}.Release|ARM.ActiveCfg = Release|ARM
		{8739549D-F443-4863-9ABD-6E64914536C2}.Release|ARM.Build.0 = Release|ARM
		{8739549D-F443-4863-9ABD-6E64914536C2}.Release|ARM.Deploy.0 = Release|ARM
		{8739549D-F443-4863-9ABD-6E64914536C2}.Release|x64.ActiveCfg = Release|x64
		{8739549D-F443-4863-9ABD-6E64914536C2}.Release|x64.Build.0 = Release|x64
		{8739549D-F443-4863-9ABD-6E64914536C2}.Release|x64.Deploy.0 = Release|x64
		{8739549D-F443-4863-9ABD-6E64914536C2}.Release|x86.ActiveCfg = Release|x86
		{8739549D-F443-4863-9ABD-6E64914536C2}.Release|x86.Build.0 = Release|x86
		{8739549D-F443-4863-9ABD-6E64914536C2}.Release|x86.Deploy.0 = Release|x86
		{8739549D-F443-4863-9ABD-6E64914536C2}.Test|Any CPU.ActiveCfg = Release|x64
		{8739549D-F443-4863-9ABD-6E64914536C2}.Test|Any CPU.Build.0 = Release|x64
		{8739549D-F443-4863-9ABD-6E64914536C2}.Test|Any CPU.Deploy.0 = Release|x64
		{8739549D-F443-4863-9ABD-6E64914536C2}.Test|ARM.ActiveCfg = Release|ARM
		{8739549D-F443-4863-9ABD-6E64914536C2}.Test|ARM.Build.0 = Release|ARM
		{8739549D-F443-4863-9ABD-6E64914536C2}.Test|ARM.Deploy.0 = Release|ARM
		{8739549D-F443-4863-9ABD-6E64914536C2}.Test|x64.ActiveCfg = Release|x64
		{8739549D-F443-4863-9ABD-6E64914536C2}.Test|x64.Build.0 = Release|x64
		{8739549D-F443-4863-9ABD-6E64914536C2}.Test|x64.Deploy.0 = Release|x64
		{8739549D-F443-4863-9ABD-6E64914536C2}.Test|x86.ActiveCfg = Release|x86
		{8739549D-F443-4863-9ABD-6E64914536C2}.Test|x86.Build.0 = Release|x86
		{8739549D-F443-4863-9ABD-6E64914536C2}.Test|x86.Deploy.0 = Release|x86
	EndGlobalSection
	GlobalSection(SolutionProperties) = preSolution
		HideSolutionNode = FALSE
	EndGlobalSection
	GlobalSection(ExtensibilityGlobals) = postSolution
		SolutionGuid = {5F5723E5-0D05-45A6-93A7-462955CCE849}
	EndGlobalSection
EndGlobal
